
Microsoft Visual Studio Solution File, Format Version 12.00
# Visual Studio Version 16
VisualStudioVersion = 16.0.31025.194
MinimumVisualStudioVersion = 10.0.40219.1
Project("{FAE04EC0-301F-11D3-BF4B-00C04F79EFBC}") = "DoanLeMyLinh_595107049", "DoanLeMyLinh_595107049\DoanLeMyLinh_595107049.csproj", "{5E081AA2-2344-4611-9EBF-B6D77198AF5B}"
EndProject
Global
	GlobalSection(SolutionConfigurationPlatforms) = preSolution
		Debug|Any CPU = Debug|Any CPU
		Release|Any CPU = Release|Any CPU
	EndGlobalSection
	GlobalSection(ProjectConfigurationPlatforms) = postSolution
		{5E081AA2-2344-4611-9EBF-B6D77198AF5B}.Debug|Any CPU.ActiveCfg = Debug|Any CPU
		{5E081AA2-2344-4611-9EBF-B6D77198AF5B}.Debug|Any CPU.Build.0 = Debug|Any CPU
		{5E081AA2-2344-4611-9EBF-B6D77198AF5B}.Release|Any CPU.ActiveCfg = Release|Any CPU
		{5E081AA2-2344-4611-9EBF-B6D77198AF5B}.Release|Any CPU.Build.0 = Release|Any CPU
	EndGlobalSection
	GlobalSection(SolutionProperties) = preSolution
		HideSolutionNode = FALSE
	EndGlobalSection
	GlobalSection(ExtensibilityGlobals) = postSolution
		SolutionGuid = {AF53CDF2-3752-4598-8C0C-D531EFF20BBA}
	EndGlobalSection
EndGlobal
